
Microsoft Visual Studio Solution File, Format Version 12.00
# Visual Studio Version 17
VisualStudioVersion = 17.1.32104.313
MinimumVisualStudioVersion = 10.0.40219.1
Project("{8BC9CEB8-8B4A-11D0-8D11-00A0C91BC942}") = "Shell", "Shell\Shell.vcxproj", "{12A4757E-1F9F-41E8-A82F-748F77E5F382}"
EndProject
Global
	GlobalSection(SolutionConfigurationPlatforms) = preSolution
		Debug|x64 = Debug|x64
		Debug|x86 = Debug|x86
		Release|x64 = Release|x64
		Release|x86 = Release|x86
	EndGlobalSection
	GlobalSection(ProjectConfigurationPlatforms) = postSolution
		{12A4757E-1F9F-41E8-A82F-748F77E5F382}.Debug|x64.ActiveCfg = Debug|x64
		{12A4757E-1F9F-41E8-A82F-748F77E5F382}.Debug|x64.Build.0 = Debug|x64
		{12A4757E-1F9F-41E8-A82F-748F77E5F382}.Debug|x86.ActiveCfg = Debug|Win32
		{12A4757E-1F9F-41E8-A82F-748F77E5F382}.Debug|x86.Build.0 = Debug|Win32
		{12A4757E-1F9F-41E8-A82F-748F77E5F382}.Release|x64.ActiveCfg = Release|x64
		{12A4757E-1F9F-41E8-A82F-748F77E5F382}.Release|x64.Build.0 = Release|x64
		{12A4757E-1F9F-41E8-A82F-748F77E5F382}.Release|x86.ActiveCfg = Release|Win32
		{12A4757E-1F9F-41E8-A82F-748F77E5F382}.Release|x86.Build.0 = Release|Win32
	EndGlobalSection
	GlobalSection(SolutionProperties) = preSolution
		HideSolutionNode = FALSE
	EndGlobalSection
	GlobalSection(ExtensibilityGlobals) = postSolution
		SolutionGuid = {8A875BEB-5949-43D3-AC71-6D384C30DCD6}
	EndGlobalSection
EndGlobal
